
Microsoft Visual Studio Solution File, Format Version 12.00
# Visual Studio 15
VisualStudioVersion = 15.0.26730.12
MinimumVisualStudioVersion = 10.0.40219.1
Project("{FAE04EC0-301F-11D3-BF4B-00C04F79EFBC}") = "OMSAgentService", "OMSAgentService\OMSAgentService.csproj", "{E6609401-2545-4006-B5E3-F25D203FC91F}"
EndProject
Project("{2150E333-8FDC-42A3-9474-1A3956D46DE8}") = "Solution Items", "Solution Items", "{98657EC2-0B8D-440C-8258-08A9523C675A}"
	ProjectSection(SolutionItems) = preProject
		LogAnalytics.cs = LogAnalytics.cs
	EndProjectSection
EndProject
Global
	GlobalSection(SolutionConfigurationPlatforms) = preSolution
		Debug|Any CPU = Debug|Any CPU
		Release|Any CPU = Release|Any CPU
	EndGlobalSection
	GlobalSection(ProjectConfigurationPlatforms) = postSolution
		{E6609401-2545-4006-B5E3-F25D203FC91F}.Debug|Any CPU.ActiveCfg = Debug|Any CPU
		{E6609401-2545-4006-B5E3-F25D203FC91F}.Debug|Any CPU.Build.0 = Debug|Any CPU
		{E6609401-2545-4006-B5E3-F25D203FC91F}.Release|Any CPU.ActiveCfg = Release|Any CPU
		{E6609401-2545-4006-B5E3-F25D203FC91F}.Release|Any CPU.Build.0 = Release|Any CPU
	EndGlobalSection
	GlobalSection(SolutionProperties) = preSolution
		HideSolutionNode = FALSE
	EndGlobalSection
	GlobalSection(ExtensibilityGlobals) = postSolution
		SolutionGuid = {B02A1D30-D1F9-407C-8528-C1FDECEFDECF}
	EndGlobalSection
EndGlobal
